
Microsoft Visual Studio Solution File, Format Version 12.00
# Visual Studio Version 17
VisualStudioVersion = 17.9.34728.123
MinimumVisualStudioVersion = 10.0.40219.1
Project("{FAE04EC0-301F-11D3-BF4B-00C04F79EFBC}") = "CopyOpen", "CopyOpen.csproj", "{F4E46230-70C8-4C08-ABBB-FCD672B50210}"
EndProject
Global
	GlobalSection(SolutionConfigurationPlatforms) = preSolution
		Debug|Any CPU = Debug|Any CPU
		Release|Any CPU = Release|Any CPU
	EndGlobalSection
	GlobalSection(ProjectConfigurationPlatforms) = postSolution
		{F4E46230-70C8-4C08-ABBB-FCD672B50210}.Debug|Any CPU.ActiveCfg = Debug|Any CPU
		{F4E46230-70C8-4C08-ABBB-FCD672B50210}.Debug|Any CPU.Build.0 = Debug|Any CPU
		{F4E46230-70C8-4C08-ABBB-FCD672B50210}.Release|Any CPU.ActiveCfg = Release|Any CPU
		{F4E46230-70C8-4C08-ABBB-FCD672B50210}.Release|Any CPU.Build.0 = Release|Any CPU
	EndGlobalSection
	GlobalSection(SolutionProperties) = preSolution
		HideSolutionNode = FALSE
	EndGlobalSection
	GlobalSection(ExtensibilityGlobals) = postSolution
		SolutionGuid = {8E95B2EA-B66C-462C-A7F6-304C5CBA45D6}
	EndGlobalSection
EndGlobal
